
Microsoft Visual Studio Solution File, Format Version 12.00
# Visual Studio Version 17
VisualStudioVersion = 17.10.35027.167
MinimumVisualStudioVersion = 10.0.40219.1
Project("{FAE04EC0-301F-11D3-BF4B-00C04F79EFBC}") = "Exer1", "Exer1\Exer1.csproj", "{60FAC688-4735-41A6-B499-701F0970C53B}"
EndProject
Global
	GlobalSection(SolutionConfigurationPlatforms) = preSolution
		Debug|Any CPU = Debug|Any CPU
		Release|Any CPU = Release|Any CPU
	EndGlobalSection
	GlobalSection(ProjectConfigurationPlatforms) = postSolution
		{60FAC688-4735-41A6-B499-701F0970C53B}.Debug|Any CPU.ActiveCfg = Debug|Any CPU
		{60FAC688-4735-41A6-B499-701F0970C53B}.Debug|Any CPU.Build.0 = Debug|Any CPU
		{60FAC688-4735-41A6-B499-701F0970C53B}.Release|Any CPU.ActiveCfg = Release|Any CPU
		{60FAC688-4735-41A6-B499-701F0970C53B}.Release|Any CPU.Build.0 = Release|Any CPU
	EndGlobalSection
	GlobalSection(SolutionProperties) = preSolution
		HideSolutionNode = FALSE
	EndGlobalSection
	GlobalSection(ExtensibilityGlobals) = postSolution
		SolutionGuid = {9ED47846-241C-4C68-AEA3-509371D7731B}
	EndGlobalSection
EndGlobal
